// !$*UTF8*$!
{
	archiveVersion = 1;
	classes = {
	};
	objectVersion = 46;
	objects = {

/* Begin PBXBuildFile section */
		870F34221CD6F12200C2B094 /* AppDelegate.swift in Sources */ = {isa = PBXBuildFile; fileRef = 870F34211CD6F12200C2B094 /* AppDelegate.swift */; };
		870F34271CD6F12200C2B094 /* Main.storyboard in Resources */ = {isa = PBXBuildFile; fileRef = 870F34251CD6F12200C2B094 /* Main.storyboard */; };
		870F34291CD6F12200C2B094 /* Assets.xcassets in Resources */ = {isa = PBXBuildFile; fileRef = 870F34281CD6F12200C2B094 /* Assets.xcassets */; };
		870F342C1CD6F12200C2B094 /* LaunchScreen.storyboard in Resources */ = {isa = PBXBuildFile; fileRef = 870F342A1CD6F12200C2B094 /* LaunchScreen.storyboard */; };
		870F34371CD6F12200C2B094 /* NavTests.swift in Sources */ = {isa = PBXBuildFile; fileRef = 870F34361CD6F12200C2B094 /* NavTests.swift */; };
		870F34421CD6F12200C2B094 /* NavUITests.swift in Sources */ = {isa = PBXBuildFile; fileRef = 870F34411CD6F12200C2B094 /* NavUITests.swift */; };
		870F34541CD6F5D100C2B094 /* MovieDBController.swift in Sources */ = {isa = PBXBuildFile; fileRef = 870F34531CD6F5D100C2B094 /* MovieDBController.swift */; };
		870F34561CD6F65800C2B094 /* HomeViewController.swift in Sources */ = {isa = PBXBuildFile; fileRef = 870F34551CD6F65800C2B094 /* HomeViewController.swift */; };
		87685B261CD84B4100B944F9 /* MovieDetailVC.swift in Sources */ = {isa = PBXBuildFile; fileRef = 87685B251CD84B4100B944F9 /* MovieDetailVC.swift */; };
		87F35FB51CD7B94600CF6EBE /* Movie.swift in Sources */ = {isa = PBXBuildFile; fileRef = 87F35FB41CD7B94600CF6EBE /* Movie.swift */; };
		87F35FB71CD7BCBD00CF6EBE /* SearchResultsTVController.swift in Sources */ = {isa = PBXBuildFile; fileRef = 87F35FB61CD7BCBD00CF6EBE /* SearchResultsTVController.swift */; };
		87F35FB91CD81CE000CF6EBE /* MovieCell.swift in Sources */ = {isa = PBXBuildFile; fileRef = 87F35FB81CD81CE000CF6EBE /* MovieCell.swift */; };
/* End PBXBuildFile section */

/* Begin PBXContainerItemProxy section */
		870F34331CD6F12200C2B094 /* PBXContainerItemProxy */ = {
			isa = PBXContainerItemProxy;
			containerPortal = 870F34161CD6F12200C2B094 /* Project object */;
			proxyType = 1;
			remoteGlobalIDString = 870F341D1CD6F12200C2B094;
			remoteInfo = Nav;
		};
		870F343E1CD6F12200C2B094 /* PBXContainerItemProxy */ = {
			isa = PBXContainerItemProxy;
			containerPortal = 870F34161CD6F12200C2B094 /* Project object */;
			proxyType = 1;
			remoteGlobalIDString = 870F341D1CD6F12200C2B094;
			remoteInfo = Nav;
		};
/* End PBXContainerItemProxy section */

/* Begin PBXFileReference section */
		870F341E1CD6F12200C2B094 /* Nav.app */ = {isa = PBXFileReference; explicitFileType = wrapper.application; includeInIndex = 0; path = Nav.app; sourceTree = BUILT_PRODUCTS_DIR; };
		870F34211CD6F12200C2B094 /* AppDelegate.swift */ = {isa = PBXFileReference; lastKnownFileType = sourcecode.swift; path = AppDelegate.swift; sourceTree = "<group>"; };
		870F34261CD6F12200C2B094 /* Base */ = {isa = PBXFileReference; lastKnownFileType = file.storyboard; name = Base; path = Base.lproj/Main.storyboard; sourceTree = "<group>"; };
		870F34281CD6F12200C2B094 /* Assets.xcassets */ = {isa = PBXFileReference; lastKnownFileType = folder.assetcatalog; path = Assets.xcassets; sourceTree = "<group>"; };
		870F342B1CD6F12200C2B094 /* Base */ = {isa = PBXFileReference; lastKnownFileType = file.storyboard; name = Base; path = Base.lproj/LaunchScreen.storyboard; sourceTree = "<group>"; };
		870F342D1CD6F12200C2B094 /* Info.plist */ = {isa = PBXFileReference; lastKnownFileType = text.plist.xml; path = Info.plist; sourceTree = "<group>"; };
		870F34321CD6F12200C2B094 /* NavTests.xctest */ = {isa = PBXFileReference; explicitFileType = wrapper.cfbundle; includeInIndex = 0; path = NavTests.xctest; sourceTree = BUILT_PRODUCTS_DIR; };
		870F34361CD6F12200C2B094 /* NavTests.swift */ = {isa = PBXFileReference; lastKnownFileType = sourcecode.swift; path = NavTests.swift; sourceTree = "<group>"; };
		870F34381CD6F12200C2B094 /* Info.plist */ = {isa = PBXFileReference; lastKnownFileType = text.plist.xml; path = Info.plist; sourceTree = "<group>"; };
		870F343D1CD6F12200C2B094 /* NavUITests.xctest */ = {isa = PBXFileReference; explicitFileType = wrapper.cfbundle; includeInIndex = 0; path = NavUITests.xctest; sourceTree = BUILT_PRODUCTS_DIR; };
		870F34411CD6F12200C2B094 /* NavUITests.swift */ = {isa = PBXFileReference; lastKnownFileType = sourcecode.swift; path = NavUITests.swift; sourceTree = "<group>"; };
		870F34431CD6F12200C2B094 /* Info.plist */ = {isa = PBXFileReference; lastKnownFileType = text.plist.xml; path = Info.plist; sourceTree = "<group>"; };
		870F34531CD6F5D100C2B094 /* MovieDBController.swift */ = {isa = PBXFileReference; fileEncoding = 4; lastKnownFileType = sourcecode.swift; name = MovieDBController.swift; path = ../MovieDBController.swift; sourceTree = "<group>"; };
		870F34551CD6F65800C2B094 /* HomeViewController.swift */ = {isa = PBXFileReference; fileEncoding = 4; lastKnownFileType = sourcecode.swift; name = HomeViewController.swift; path = ../HomeViewController.swift; sourceTree = "<group>"; };
		87685B251CD84B4100B944F9 /* MovieDetailVC.swift */ = {isa = PBXFileReference; fileEncoding = 4; lastKnownFileType = sourcecode.swift; name = MovieDetailVC.swift; path = ../MovieDetailVC.swift; sourceTree = "<group>"; };
		87F35FB41CD7B94600CF6EBE /* Movie.swift */ = {isa = PBXFileReference; fileEncoding = 4; lastKnownFileType = sourcecode.swift; path = Movie.swift; sourceTree = "<group>"; };
		87F35FB61CD7BCBD00CF6EBE /* SearchResultsTVController.swift */ = {isa = PBXFileReference; fileEncoding = 4; lastKnownFileType = sourcecode.swift; path = SearchResultsTVController.swift; sourceTree = "<group>"; };
		87F35FB81CD81CE000CF6EBE /* MovieCell.swift */ = {isa = PBXFileReference; fileEncoding = 4; lastKnownFileType = sourcecode.swift; path = MovieCell.swift; sourceTree = "<group>"; };
/* End PBXFileReference section */

/* Begin PBXFrameworksBuildPhase section */
		870F341B1CD6F12200C2B094 /* Frameworks */ = {
			isa = PBXFrameworksBuildPhase;
			buildActionMask = 2147483647;
			files = (
			);
			runOnlyForDeploymentPostprocessing = 0;
		};
		870F342F1CD6F12200C2B094 /* Frameworks */ = {
			isa = PBXFrameworksBuildPhase;
			buildActionMask = 2147483647;
			files = (
			);
			runOnlyForDeploymentPostprocessing = 0;
		};
		870F343A1CD6F12200C2B094 /* Frameworks */ = {
			isa = PBXFrameworksBuildPhase;
			buildActionMask = 2147483647;
			files = (
			);
			runOnlyForDeploymentPostprocessing = 0;
		};
/* End PBXFrameworksBuildPhase section */

/* Begin PBXGroup section */
		870F34151CD6F12200C2B094 = {
			isa = PBXGroup;
			children = (
				870F34201CD6F12200C2B094 /* Nav */,
				870F34351CD6F12200C2B094 /* NavTests */,
				870F34401CD6F12200C2B094 /* NavUITests */,
				870F341F1CD6F12200C2B094 /* Products */,
			);
			sourceTree = "<group>";
		};
		870F341F1CD6F12200C2B094 /* Products */ = {
			isa = PBXGroup;
			children = (
				870F341E1CD6F12200C2B094 /* Nav.app */,
				870F34321CD6F12200C2B094 /* NavTests.xctest */,
				870F343D1CD6F12200C2B094 /* NavUITests.xctest */,
			);
			name = Products;
			sourceTree = "<group>";
		};
		870F34201CD6F12200C2B094 /* Nav */ = {
			isa = PBXGroup;
			children = (
				870F34251CD6F12200C2B094 /* Main.storyboard */,
				870F34531CD6F5D100C2B094 /* MovieDBController.swift */,
				87685B151CD8385200B944F9 /* Objects */,
				870F34211CD6F12200C2B094 /* AppDelegate.swift */,
				870F34551CD6F65800C2B094 /* HomeViewController.swift */,
				87685B141CD8383600B944F9 /* SearchResultsVC */,
				87685B1C1CD83DE900B944F9 /* DetailVCs */,
				870F34281CD6F12200C2B094 /* Assets.xcassets */,
				870F342A1CD6F12200C2B094 /* LaunchScreen.storyboard */,
				870F342D1CD6F12200C2B094 /* Info.plist */,
			);
			path = Nav;
			sourceTree = "<group>";
		};
		870F34351CD6F12200C2B094 /* NavTests */ = {
			isa = PBXGroup;
			children = (
				870F34361CD6F12200C2B094 /* NavTests.swift */,
				870F34381CD6F12200C2B094 /* Info.plist */,
			);
			path = NavTests;
			sourceTree = "<group>";
		};
		870F34401CD6F12200C2B094 /* NavUITests */ = {
			isa = PBXGroup;
			children = (
				870F34411CD6F12200C2B094 /* NavUITests.swift */,
				870F34431CD6F12200C2B094 /* Info.plist */,
			);
			path = NavUITests;
			sourceTree = "<group>";
		};
		87685B141CD8383600B944F9 /* SearchResultsVC */ = {
			isa = PBXGroup;
			children = (
				87F35FB61CD7BCBD00CF6EBE /* SearchResultsTVController.swift */,
				87F35FB81CD81CE000CF6EBE /* MovieCell.swift */,
			);
			name = SearchResultsVC;
			sourceTree = "<group>";
		};
		87685B151CD8385200B944F9 /* Objects */ = {
			isa = PBXGroup;
			children = (
				87F35FB41CD7B94600CF6EBE /* Movie.swift */,
			);
			name = Objects;
			sourceTree = "<group>";
		};
		87685B1C1CD83DE900B944F9 /* DetailVCs */ = {
			isa = PBXGroup;
			children = (
				87685B251CD84B4100B944F9 /* MovieDetailVC.swift */,
			);
			name = DetailVCs;
			sourceTree = "<group>";
		};
/* End PBXGroup section */

/* Begin PBXNativeTarget section */
		870F341D1CD6F12200C2B094 /* Nav */ = {
			isa = PBXNativeTarget;
			buildConfigurationList = 870F34461CD6F12200C2B094 /* Build configuration list for PBXNativeTarget "Nav" */;
			buildPhases = (
				870F341A1CD6F12200C2B094 /* Sources */,
				870F341B1CD6F12200C2B094 /* Frameworks */,
				870F341C1CD6F12200C2B094 /* Resources */,
			);
			buildRules = (
			);
			dependencies = (
			);
			name = Nav;
			productName = Nav;
			productReference = 870F341E1CD6F12200C2B094 /* Nav.app */;
			productType = "com.apple.product-type.application";
		};
		870F34311CD6F12200C2B094 /* NavTests */ = {
			isa = PBXNativeTarget;
			buildConfigurationList = 870F34491CD6F12200C2B094 /* Build configuration list for PBXNativeTarget "NavTests" */;
			buildPhases = (
				870F342E1CD6F12200C2B094 /* Sources */,
				870F342F1CD6F12200C2B094 /* Frameworks */,
				870F34301CD6F12200C2B094 /* Resources */,
			);
			buildRules = (
			);
			dependencies = (
				870F34341CD6F12200C2B094 /* PBXTargetDependency */,
			);
			name = NavTests;
			productName = NavTests;
			productReference = 870F34321CD6F12200C2B094 /* NavTests.xctest */;
			productType = "com.apple.product-type.bundle.unit-test";
		};
		870F343C1CD6F12200C2B094 /* NavUITests */ = {
			isa = PBXNativeTarget;
			buildConfigurationList = 870F344C1CD6F12200C2B094 /* Build configuration list for PBXNativeTarget "NavUITests" */;
			buildPhases = (
				870F34391CD6F12200C2B094 /* Sources */,
				870F343A1CD6F12200C2B094 /* Frameworks */,
				870F343B1CD6F12200C2B094 /* Resources */,
			);
			buildRules = (
			);
			dependencies = (
				870F343F1CD6F12200C2B094 /* PBXTargetDependency */,
			);
			name = NavUITests;
			productName = NavUITests;
			productReference = 870F343D1CD6F12200C2B094 /* NavUITests.xctest */;
			productType = "com.apple.product-type.bundle.ui-testing";
		};
/* End PBXNativeTarget section */

/* Begin PBXProject section */
		870F34161CD6F12200C2B094 /* Project object */ = {
			isa = PBXProject;
			attributes = {
				LastSwiftUpdateCheck = 0730;
				LastUpgradeCheck = 0730;
				ORGANIZATIONNAME = "Gamaliel Tellez";
				TargetAttributes = {
					870F341D1CD6F12200C2B094 = {
						CreatedOnToolsVersion = 7.3;
					};
					870F34311CD6F12200C2B094 = {
						CreatedOnToolsVersion = 7.3;
						TestTargetID = 870F341D1CD6F12200C2B094;
					};
					870F343C1CD6F12200C2B094 = {
						CreatedOnToolsVersion = 7.3;
						TestTargetID = 870F341D1CD6F12200C2B094;
					};
				};
			};
			buildConfigurationList = 870F34191CD6F12200C2B094 /* Build configuration list for PBXProject "Nav" */;
			compatibilityVersion = "Xcode 3.2";
			developmentRegion = English;
			hasScannedForEncodings = 0;
			knownRegions = (
				en,
				Base,
			);
			mainGroup = 870F34151CD6F12200C2B094;
			productRefGroup = 870F341F1CD6F12200C2B094 /* Products */;
			projectDirPath = "";
			projectRoot = "";
			targets = (
				870F341D1CD6F12200C2B094 /* Nav */,
				870F34311CD6F12200C2B094 /* NavTests */,
				870F343C1CD6F12200C2B094 /* NavUITests */,
			);
		};
/* End PBXProject section */

/* Begin PBXResourcesBuildPhase section */
		870F341C1CD6F12200C2B094 /* Resources */ = {
			isa = PBXResourcesBuildPhase;
			buildActionMask = 2147483647;
			files = (
				870F342C1CD6F12200C2B094 /* LaunchScreen.storyboard in Resources */,
				870F34291CD6F12200C2B094 /* Assets.xcassets in Resources */,
				870F34271CD6F12200C2B094 /* Main.storyboard in Resources */,
			);
			runOnlyForDeploymentPostprocessing = 0;
		};
		870F34301CD6F12200C2B094 /* Resources */ = {
			isa = PBXResourcesBuildPhase;
			buildActionMask = 2147483647;
			files = (
			);
			runOnlyForDeploymentPostprocessing = 0;
		};
		870F343B1CD6F12200C2B094 /* Resources */ = {
			isa = PBXResourcesBuildPhase;
			buildActionMask = 2147483647;
			files = (
			);
			runOnlyForDeploymentPostprocessing = 0;
		};
/* End PBXResourcesBuildPhase section */

/* Begin PBXSourcesBuildPhase section */
		870F341A1CD6F12200C2B094 /* Sources */ = {
			isa = PBXSourcesBuildPhase;
			buildActionMask = 2147483647;
			files = (
				87685B261CD84B4100B944F9 /* MovieDetailVC.swift in Sources */,
				870F34541CD6F5D100C2B094 /* MovieDBController.swift in Sources */,
				870F34221CD6F12200C2B094 /* AppDelegate.swift in Sources */,
				87F35FB91CD81CE000CF6EBE /* MovieCell.swift in Sources */,
				87F35FB71CD7BCBD00CF6EBE /* SearchResultsTVController.swift in Sources */,
				87F35FB51CD7B94600CF6EBE /* Movie.swift in Sources */,
				870F34561CD6F65800C2B094 /* HomeViewController.swift in Sources */,
			);
			runOnlyForDeploymentPostprocessing = 0;
		};
		870F342E1CD6F12200C2B094 /* Sources */ = {
			isa = PBXSourcesBuildPhase;
			buildActionMask = 2147483647;
			files = (
				870F34371CD6F12200C2B094 /* NavTests.swift in Sources */,
			);
			runOnlyForDeploymentPostprocessing = 0;
		};
		870F34391CD6F12200C2B094 /* Sources */ = {
			isa = PBXSourcesBuildPhase;
			buildActionMask = 2147483647;
			files = (
				870F34421CD6F12200C2B094 /* NavUITests.swift in Sources */,
			);
			runOnlyForDeploymentPostprocessing = 0;
		};
/* End PBXSourcesBuildPhase section */

/* Begin PBXTargetDependency section */
		870F34341CD6F12200C2B094 /* PBXTargetDependency */ = {
			isa = PBXTargetDependency;
			target = 870F341D1CD6F12200C2B094 /* Nav */;
			targetProxy = 870F34331CD6F12200C2B094 /* PBXContainerItemProxy */;
		};
		870F343F1CD6F12200C2B094 /* PBXTargetDependency */ = {
			isa = PBXTargetDependency;
			target = 870F341D1CD6F12200C2B094 /* Nav */;
			targetProxy = 870F343E1CD6F12200C2B094 /* PBXContainerItemProxy */;
		};
/* End PBXTargetDependency section */

/* Begin PBXVariantGroup section */
		870F34251CD6F12200C2B094 /* Main.storyboard */ = {
			isa = PBXVariantGroup;
			children = (
				870F34261CD6F12200C2B094 /* Base */,
			);
			name = Main.storyboard;
			sourceTree = "<group>";
		};
		870F342A1CD6F12200C2B094 /* LaunchScreen.storyboard */ = {
			isa = PBXVariantGroup;
			children = (
				870F342B1CD6F12200C2B094 /* Base */,
			);
			name = LaunchScreen.storyboard;
			sourceTree = "<group>";
		};
/* End PBXVariantGroup section */

/* Begin XCBuildConfiguration section */
		870F34441CD6F12200C2B094 /* Debug */ = {
			isa = XCBuildConfiguration;
			buildSettings = {
				ALWAYS_SEARCH_USER_PATHS = NO;
				CLANG_ANALYZER_NONNULL = YES;
				CLANG_CXX_LANGUAGE_STANDARD = "gnu++0x";
				CLANG_CXX_LIBRARY = "libc++";
				CLANG_ENABLE_MODULES = YES;
				CLANG_ENABLE_OBJC_ARC = YES;
				CLANG_WARN_BOOL_CONVERSION = YES;
				CLANG_WARN_CONSTANT_CONVERSION = YES;
				CLANG_WARN_DIRECT_OBJC_ISA_USAGE = YES_ERROR;
				CLANG_WARN_EMPTY_BODY = YES;
				CLANG_WARN_ENUM_CONVERSION = YES;
				CLANG_WARN_INT_CONVERSION = YES;
				CLANG_WARN_OBJC_ROOT_CLASS = YES_ERROR;
				CLANG_WARN_UNREACHABLE_CODE = YES;
				CLANG_WARN__DUPLICATE_METHOD_MATCH = YES;
				"CODE_SIGN_IDENTITY[sdk=iphoneos*]" = "iPhone Developer";
				COPY_PHASE_STRIP = NO;
				DEBUG_INFORMATION_FORMAT = dwarf;
				ENABLE_STRICT_OBJC_MSGSEND = YES;
				ENABLE_TESTABILITY = YES;
				GCC_C_LANGUAGE_STANDARD = gnu99;
				GCC_DYNAMIC_NO_PIC = NO;
				GCC_NO_COMMON_BLOCKS = YES;
				GCC_OPTIMIZATION_LEVEL = 0;
				GCC_PREPROCESSOR_DEFINITIONS = (
					"DEBUG=1",
					"$(inherited)",
				);
				GCC_WARN_64_TO_32_BIT_CONVERSION = YES;
				GCC_WARN_ABOUT_RETURN_TYPE = YES_ERROR;
				GCC_WARN_UNDECLARED_SELECTOR = YES;
				GCC_WARN_UNINITIALIZED_AUTOS = YES_AGGRESSIVE;
				GCC_WARN_UNUSED_FUNCTION = YES;
				GCC_WARN_UNUSED_VARIABLE = YES;
				IPHONEOS_DEPLOYMENT_TARGET = 9.3;
				MTL_ENABLE_DEBUG_INFO = YES;
				ONLY_ACTIVE_ARCH = YES;
				SDKROOT = iphoneos;
				SWIFT_OPTIMIZATION_LEVEL = "-Onone";
				TARGETED_DEVICE_FAMILY = "1,2";
			};
			name = Debug;
		};
		870F34451CD6F12200C2B094 /* Release */ = {
			isa = XCBuildConfiguration;
			buildSettings = {
				ALWAYS_SEARCH_USER_PATHS = NO;
				CLANG_ANALYZER_NONNULL = YES;
				CLANG_CXX_LANGUAGE_STANDARD = "gnu++0x";
				CLANG_CXX_LIBRARY = "libc++";
				CLANG_ENABLE_MODULES = YES;
				CLANG_ENABLE_OBJC_ARC = YES;
				CLANG_WARN_BOOL_CONVERSION = YES;
				CLANG_WARN_CONSTANT_CONVERSION = YES;
				CLANG_WARN_DIRECT_OBJC_ISA_USAGE = YES_ERROR;
				CLANG_WARN_EMPTY_BODY = YES;
				CLANG_WARN_ENUM_CONVERSION = YES;
				CLANG_WARN_INT_CONVERSION = YES;
				CLANG_WARN_OBJC_ROOT_CLASS = YES_ERROR;
				CLANG_WARN_UNREACHABLE_CODE = YES;
				CLANG_WARN__DUPLICATE_METHOD_MATCH = YES;
				"CODE_SIGN_IDENTITY[sdk=iphoneos*]" = "iPhone Developer";
				COPY_PHASE_STRIP = NO;
				DEBUG_INFORMATION_FORMAT = "dwarf-with-dsym";
				ENABLE_NS_ASSERTIONS = NO;
				ENABLE_STRICT_OBJC_MSGSEND = YES;
				GCC_C_LANGUAGE_STANDARD = gnu99;
				GCC_NO_COMMON_BLOCKS = YES;
				GCC_WARN_64_TO_32_BIT_CONVERSION = YES;
				GCC_WARN_ABOUT_RETURN_TYPE = YES_ERROR;
				GCC_WARN_UNDECLARED_SELECTOR = YES;
				GCC_WARN_UNINITIALIZED_AUTOS = YES_AGGRESSIVE;
				GCC_WARN_UNUSED_FUNCTION = YES;
				GCC_WARN_UNUSED_VARIABLE = YES;
				IPHONEOS_DEPLOYMENT_TARGET = 9.3;
				MTL_ENABLE_DEBUG_INFO = NO;
				SDKROOT = iphoneos;
				TARGETED_DEVICE_FAMILY = "1,2";
				VALIDATE_PRODUCT = YES;
			};
			name = Release;
		};
		870F34471CD6F12200C2B094 /* Debug */ = {
			isa = XCBuildConfiguration;
			buildSettings = {
				ASSETCATALOG_COMPILER_APPICON_NAME = AppIcon;
				INFOPLIST_FILE = Nav/Info.plist;
				LD_RUNPATH_SEARCH_PATHS = "$(inherited) @executable_path/Frameworks";
				PRODUCT_BUNDLE_IDENTIFIER = gamaTellez.Nav;
				PRODUCT_NAME = "$(TARGET_NAME)";
			};
			name = Debug;
		};
		870F34481CD6F12200C2B094 /* Release */ = {
			isa = XCBuildConfiguration;
			buildSettings = {
				ASSETCATALOG_COMPILER_APPICON_NAME = AppIcon;
				INFOPLIST_FILE = Nav/Info.plist;
				LD_RUNPATH_SEARCH_PATHS = "$(inherited) @executable_path/Frameworks";
				PRODUCT_BUNDLE_IDENTIFIER = gamaTellez.Nav;
				PRODUCT_NAME = "$(TARGET_NAME)";
			};
			name = Release;
		};
		870F344A1CD6F12200C2B094 /* Debug */ = {
			isa = XCBuildConfiguration;
			buildSettings = {
				BUNDLE_LOADER = "$(TEST_HOST)";
				INFOPLIST_FILE = NavTests/Info.plist;
				LD_RUNPATH_SEARCH_PATHS = "$(inherited) @executable_path/Frameworks @loader_path/Frameworks";
				PRODUCT_BUNDLE_IDENTIFIER = gamaTellez.NavTests;
				PRODUCT_NAME = "$(TARGET_NAME)";
				TEST_HOST = "$(BUILT_PRODUCTS_DIR)/Nav.app/Nav";
			};
			name = Debug;
		};
		870F344B1CD6F12200C2B094 /* Release */ = {
			isa = XCBuildConfiguration;
			buildSettings = {
				BUNDLE_LOADER = "$(TEST_HOST)";
				INFOPLIST_FILE = NavTests/Info.plist;
				LD_RUNPATH_SEARCH_PATHS = "$(inherited) @executable_path/Frameworks @loader_path/Frameworks";
				PRODUCT_BUNDLE_IDENTIFIER = gamaTellez.NavTests;
				PRODUCT_NAME = "$(TARGET_NAME)";
				TEST_HOST = "$(BUILT_PRODUCTS_DIR)/Nav.app/Nav";
			};
			name = Release;
		};
		870F344D1CD6F12200C2B094 /* Debug */ = {
			isa = XCBuildConfiguration;
			buildSettings = {
				INFOPLIST_FILE = NavUITests/Info.plist;
				LD_RUNPATH_SEARCH_PATHS = "$(inherited) @executable_path/Frameworks @loader_path/Frameworks";
				PRODUCT_BUNDLE_IDENTIFIER = gamaTellez.NavUITests;
				PRODUCT_NAME = "$(TARGET_NAME)";
				TEST_TARGET_NAME = Nav;
			};
			name = Debug;
		};
		870F344E1CD6F12200C2B094 /* Release */ = {
			isa = XCBuildConfiguration;
			buildSettings = {
				INFOPLIST_FILE = NavUITests/Info.plist;
				LD_RUNPATH_SEARCH_PATHS = "$(inherited) @executable_path/Frameworks @loader_path/Frameworks";
				PRODUCT_BUNDLE_IDENTIFIER = gamaTellez.NavUITests;
				PRODUCT_NAME = "$(TARGET_NAME)";
				TEST_TARGET_NAME = Nav;
			};
			name = Release;
		};
/* End XCBuildConfiguration section */

/* Begin XCConfigurationList section */
		870F34191CD6F12200C2B094 /* Build configuration list for PBXProject "Nav" */ = {
			isa = XCConfigurationList;
			buildConfigurations = (
				870F34441CD6F12200C2B094 /* Debug */,
				870F34451CD6F12200C2B094 /* Release */,
			);
			defaultConfigurationIsVisible = 0;
			defaultConfigurationName = Release;
		};
		870F34461CD6F12200C2B094 /* Build configuration list for PBXNativeTarget "Nav" */ = {
			isa = XCConfigurationList;
			buildConfigurations = (
				870F34471CD6F12200C2B094 /* Debug */,
				870F34481CD6F12200C2B094 /* Release */,
			);
			defaultConfigurationIsVisible = 0;
			defaultConfigurationName = Release;
		};
		870F34491CD6F12200C2B094 /* Build configuration list for PBXNativeTarget "NavTests" */ = {
			isa = XCConfigurationList;
			buildConfigurations = (
				870F344A1CD6F12200C2B094 /* Debug */,
				870F344B1CD6F12200C2B094 /* Release */,
			);
			defaultConfigurationIsVisible = 0;
			defaultConfigurationName = Release;
		};
		870F344C1CD6F12200C2B094 /* Build configuration list for PBXNativeTarget "NavUITests" */ = {
			isa = XCConfigurationList;
			buildConfigurations = (
				870F344D1CD6F12200C2B094 /* Debug */,
				870F344E1CD6F12200C2B094 /* Release */,
			);
			defaultConfigurationIsVisible = 0;
			defaultConfigurationName = Release;
		};
/* End XCConfigurationList section */
	};
	rootObject = 870F34161CD6F12200C2B094 /* Project object */;
}
